
Microsoft Visual Studio Solution File, Format Version 12.00
# Visual Studio Version 16
VisualStudioVersion = 16.0.31515.178
MinimumVisualStudioVersion = 10.0.40219.1
Project("{FAE04EC0-301F-11D3-BF4B-00C04F79EFBC}") = "CatalogosJogos", "CatalogosJogos.csproj", "{06D6883A-5B09-48B0-9AD5-F6372763E203}"
EndProject
Global
	GlobalSection(SolutionConfigurationPlatforms) = preSolution
		Debug|Any CPU = Debug|Any CPU
		Release|Any CPU = Release|Any CPU
	EndGlobalSection
	GlobalSection(ProjectConfigurationPlatforms) = postSolution
		{06D6883A-5B09-48B0-9AD5-F6372763E203}.Debug|Any CPU.ActiveCfg = Debug|Any CPU
		{06D6883A-5B09-48B0-9AD5-F6372763E203}.Debug|Any CPU.Build.0 = Debug|Any CPU
		{06D6883A-5B09-48B0-9AD5-F6372763E203}.Release|Any CPU.ActiveCfg = Release|Any CPU
		{06D6883A-5B09-48B0-9AD5-F6372763E203}.Release|Any CPU.Build.0 = Release|Any CPU
	EndGlobalSection
	GlobalSection(SolutionProperties) = preSolution
		HideSolutionNode = FALSE
	EndGlobalSection
	GlobalSection(ExtensibilityGlobals) = postSolution
		SolutionGuid = {058A970F-F9EB-4F38-B9CC-59B42D0CCEBB}
	EndGlobalSection
EndGlobal
